
Microsoft Visual Studio Solution File, Format Version 12.00
# Visual Studio Version 17
VisualStudioVersion = 17.1.32228.430
MinimumVisualStudioVersion = 10.0.40219.1
Project("{9A19103F-16F7-4668-BE54-9A1E7A4F7556}") = "AndroidUI", "AndroidUI\AndroidUI.csproj", "{1F820499-3B2E-4743-89A1-0DDF9AF853E6}"
EndProject
Project("{9A19103F-16F7-4668-BE54-9A1E7A4F7556}") = "AndroidUITest", "AndroidUITest\AndroidUITest.csproj", "{063C8AD2-412F-4FEA-9DB1-EF8C84F30248}"
	ProjectSection(ProjectDependencies) = postProject
		{1F820499-3B2E-4743-89A1-0DDF9AF853E6} = {1F820499-3B2E-4743-89A1-0DDF9AF853E6}
		{3EBF02D0-7023-49BA-99ED-971DE1B1D6AF} = {3EBF02D0-7023-49BA-99ED-971DE1B1D6AF}
	EndProjectSection
EndProject
Project("{9A19103F-16F7-4668-BE54-9A1E7A4F7556}") = "AndroidUITestFramework", "AndroidUI-Test-Framework\AndroidUITestFramework.csproj", "{3EBF02D0-7023-49BA-99ED-971DE1B1D6AF}"
EndProject
Project("{8BC9CEB8-8B4A-11D0-8D11-00A0C91BC942}") = "AndroidUI.Native", "AndroidUI.Native\AndroidUI.Native.vcxitems", "{3BB83458-9178-406E-BBCE-AA83C3A153AF}"
EndProject
Project("{8BC9CEB8-8B4A-11D0-8D11-00A0C91BC942}") = "AndroidUI.Native.Windows", "AndroidUI.Native.Windows\AndroidUI.Native.Windows.vcxproj", "{80E40EAF-DBC7-4273-80FE-50B2EE183C17}"
EndProject
Project("{8BC9CEB8-8B4A-11D0-8D11-00A0C91BC942}") = "AndroidUI.Native.Android", "AndroidUI.Native.Android\AndroidUI.Native.Android.vcxproj", "{95A21069-6505-4118-A605-D04A7BD57C12}"
EndProject
Project("{9A19103F-16F7-4668-BE54-9A1E7A4F7556}") = "AndroidUI.Native.Nuget", "AndroidUI.Native.Nuget\AndroidUI.Native.Nuget.csproj", "{ECFC0F5C-9D4A-4BFE-B775-90B9342BC710}"
	ProjectSection(ProjectDependencies) = postProject
		{95A21069-6505-4118-A605-D04A7BD57C12} = {95A21069-6505-4118-A605-D04A7BD57C12}
		{80E40EAF-DBC7-4273-80FE-50B2EE183C17} = {80E40EAF-DBC7-4273-80FE-50B2EE183C17}
	EndProjectSection
EndProject
Project("{9A19103F-16F7-4668-BE54-9A1E7A4F7556}") = "OtherPlatforms", "OtherPlatforms\OtherPlatforms.csproj", "{59F9EE6F-FDA6-4BF0-9466-E551CDDC3C2E}"
EndProject
Project("{2150E333-8FDC-42A3-9474-1A3956D46DE8}") = "Solution Items", "Solution Items", "{5906E96A-F270-41AB-AE25-D220F601309D}"
	ProjectSection(SolutionItems) = preProject
		.editorconfig = .editorconfig
		BuildNuget.ps1 = BuildNuget.ps1
		Modifying.md = Modifying.md
		README.md = README.md
	EndProjectSection
EndProject
Project("{9A19103F-16F7-4668-BE54-9A1E7A4F7556}") = "ApplicationHost-Windows", "ApplicationHost-Windows\ApplicationHost-Windows.csproj", "{66A23DDA-63CE-4129-970F-689104FD45C2}"
EndProject
Project("{9A19103F-16F7-4668-BE54-9A1E7A4F7556}") = "AndroidUI-Application-Windows", "AndroidUI-Application-Windows\AndroidUI-Application-Windows.csproj", "{FD29028D-1992-4C6E-BAA7-74FC33CA859C}"
EndProject
Project("{9A19103F-16F7-4668-BE54-9A1E7A4F7556}") = "AndroidUI.ResourcePacker", "AndroidUI.ResourcePacker\AndroidUI.ResourcePacker.csproj", "{FF213CBC-2365-4B38-9FD2-7E8C16D01EB3}"
EndProject
Project("{9A19103F-16F7-4668-BE54-9A1E7A4F7556}") = "AndroidUI IDE", "AndroidUI IDE\AndroidUI IDE.csproj", "{FC6170ED-1A06-4E2D-86FB-DA842CC820E9}"
EndProject
Project("{FAE04EC0-301F-11D3-BF4B-00C04F79EFBC}") = "AndroidApp", "AndroidApp\AndroidApp.csproj", "{D67E7062-A8AD-46A0-BEDD-25A059F7813B}"
EndProject
Global
	GlobalSection(SolutionConfigurationPlatforms) = preSolution
		Debug|Any CPU = Debug|Any CPU
		Debug|ARM = Debug|ARM
		Debug|ARM64 = Debug|ARM64
		Debug|x64 = Debug|x64
		Debug|x86 = Debug|x86
		Release|Any CPU = Release|Any CPU
		Release|ARM = Release|ARM
		Release|ARM64 = Release|ARM64
		Release|x64 = Release|x64
		Release|x86 = Release|x86
	EndGlobalSection
	GlobalSection(ProjectConfigurationPlatforms) = postSolution
		{1F820499-3B2E-4743-89A1-0DDF9AF853E6}.Debug|Any CPU.ActiveCfg = Debug|Any CPU
		{1F820499-3B2E-4743-89A1-0DDF9AF853E6}.Debug|Any CPU.Build.0 = Debug|Any CPU
		{1F820499-3B2E-4743-89A1-0DDF9AF853E6}.Debug|ARM.ActiveCfg = Debug|Any CPU
		{1F820499-3B2E-4743-89A1-0DDF9AF853E6}.Debug|ARM.Build.0 = Debug|Any CPU
		{1F820499-3B2E-4743-89A1-0DDF9AF853E6}.Debug|ARM64.ActiveCfg = Debug|Any CPU
		{1F820499-3B2E-4743-89A1-0DDF9AF853E6}.Debug|ARM64.Build.0 = Debug|Any CPU
		{1F820499-3B2E-4743-89A1-0DDF9AF853E6}.Debug|x64.ActiveCfg = Debug|Any CPU
		{1F820499-3B2E-4743-89A1-0DDF9AF853E6}.Debug|x64.Build.0 = Debug|Any CPU
		{1F820499-3B2E-4743-89A1-0DDF9AF853E6}.Debug|x86.ActiveCfg = Debug|Any CPU
		{1F820499-3B2E-4743-89A1-0DDF9AF853E6}.Debug|x86.Build.0 = Debug|Any CPU
		{1F820499-3B2E-4743-89A1-0DDF9AF853E6}.Release|Any CPU.ActiveCfg = Release|Any CPU
		{1F820499-3B2E-4743-89A1-0DDF9AF853E6}.Release|Any CPU.Build.0 = Release|Any CPU
		{1F820499-3B2E-4743-89A1-0DDF9AF853E6}.Release|ARM.ActiveCfg = Release|Any CPU
		{1F820499-3B2E-4743-89A1-0DDF9AF853E6}.Release|ARM.Build.0 = Release|Any CPU
		{1F820499-3B2E-4743-89A1-0DDF9AF853E6}.Release|ARM64.ActiveCfg = Release|Any CPU
		{1F820499-3B2E-4743-89A1-0DDF9AF853E6}.Release|ARM64.Build.0 = Release|Any CPU
		{1F820499-3B2E-4743-89A1-0DDF9AF853E6}.Release|x64.ActiveCfg = Release|Any CPU
		{1F820499-3B2E-4743-89A1-0DDF9AF853E6}.Release|x64.Build.0 = Release|Any CPU
		{1F820499-3B2E-4743-89A1-0DDF9AF853E6}.Release|x86.ActiveCfg = Release|Any CPU
		{1F820499-3B2E-4743-89A1-0DDF9AF853E6}.Release|x86.Build.0 = Release|Any CPU
		{063C8AD2-412F-4FEA-9DB1-EF8C84F30248}.Debug|Any CPU.ActiveCfg = Debug|Any CPU
		{063C8AD2-412F-4FEA-9DB1-EF8C84F30248}.Debug|Any CPU.Build.0 = Debug|Any CPU
		{063C8AD2-412F-4FEA-9DB1-EF8C84F30248}.Debug|ARM.ActiveCfg = Debug|Any CPU
		{063C8AD2-412F-4FEA-9DB1-EF8C84F30248}.Debug|ARM.Build.0 = Debug|Any CPU
		{063C8AD2-412F-4FEA-9DB1-EF8C84F30248}.Debug|ARM64.ActiveCfg = Debug|Any CPU
		{063C8AD2-412F-4FEA-9DB1-EF8C84F30248}.Debug|ARM64.Build.0 = Debug|Any CPU
		{063C8AD2-412F-4FEA-9DB1-EF8C84F30248}.Debug|x64.ActiveCfg = Debug|Any CPU
		{063C8AD2-412F-4FEA-9DB1-EF8C84F30248}.Debug|x64.Build.0 = Debug|Any CPU
		{063C8AD2-412F-4FEA-9DB1-EF8C84F30248}.Debug|x86.ActiveCfg = Debug|Any CPU
		{063C8AD2-412F-4FEA-9DB1-EF8C84F30248}.Debug|x86.Build.0 = Debug|Any CPU
		{063C8AD2-412F-4FEA-9DB1-EF8C84F30248}.Release|Any CPU.ActiveCfg = Release|Any CPU
		{063C8AD2-412F-4FEA-9DB1-EF8C84F30248}.Release|Any CPU.Build.0 = Release|Any CPU
		{063C8AD2-412F-4FEA-9DB1-EF8C84F30248}.Release|ARM.ActiveCfg = Release|Any CPU
		{063C8AD2-412F-4FEA-9DB1-EF8C84F30248}.Release|ARM.Build.0 = Release|Any CPU
		{063C8AD2-412F-4FEA-9DB1-EF8C84F30248}.Release|ARM64.ActiveCfg = Release|Any CPU
		{063C8AD2-412F-4FEA-9DB1-EF8C84F30248}.Release|ARM64.Build.0 = Release|Any CPU
		{063C8AD2-412F-4FEA-9DB1-EF8C84F30248}.Release|x64.ActiveCfg = Release|Any CPU
		{063C8AD2-412F-4FEA-9DB1-EF8C84F30248}.Release|x64.Build.0 = Release|Any CPU
		{063C8AD2-412F-4FEA-9DB1-EF8C84F30248}.Release|x86.ActiveCfg = Release|Any CPU
		{063C8AD2-412F-4FEA-9DB1-EF8C84F30248}.Release|x86.Build.0 = Release|Any CPU
		{3EBF02D0-7023-49BA-99ED-971DE1B1D6AF}.Debug|Any CPU.ActiveCfg = Debug|Any CPU
		{3EBF02D0-7023-49BA-99ED-971DE1B1D6AF}.Debug|Any CPU.Build.0 = Debug|Any CPU
		{3EBF02D0-7023-49BA-99ED-971DE1B1D6AF}.Debug|ARM.ActiveCfg = Debug|Any CPU
		{3EBF02D0-7023-49BA-99ED-971DE1B1D6AF}.Debug|ARM.Build.0 = Debug|Any CPU
		{3EBF02D0-7023-49BA-99ED-971DE1B1D6AF}.Debug|ARM64.ActiveCfg = Debug|Any CPU
		{3EBF02D0-7023-49BA-99ED-971DE1B1D6AF}.Debug|ARM64.Build.0 = Debug|Any CPU
		{3EBF02D0-7023-49BA-99ED-971DE1B1D6AF}.Debug|x64.ActiveCfg = Debug|Any CPU
		{3EBF02D0-7023-49BA-99ED-971DE1B1D6AF}.Debug|x64.Build.0 = Debug|Any CPU
		{3EBF02D0-7023-49BA-99ED-971DE1B1D6AF}.Debug|x86.ActiveCfg = Debug|Any CPU
		{3EBF02D0-7023-49BA-99ED-971DE1B1D6AF}.Debug|x86.Build.0 = Debug|Any CPU
		{3EBF02D0-7023-49BA-99ED-971DE1B1D6AF}.Release|Any CPU.ActiveCfg = Release|Any CPU
		{3EBF02D0-7023-49BA-99ED-971DE1B1D6AF}.Release|Any CPU.Build.0 = Release|Any CPU
		{3EBF02D0-7023-49BA-99ED-971DE1B1D6AF}.Release|ARM.ActiveCfg = Release|Any CPU
		{3EBF02D0-7023-49BA-99ED-971DE1B1D6AF}.Release|ARM.Build.0 = Release|Any CPU
		{3EBF02D0-7023-49BA-99ED-971DE1B1D6AF}.Release|ARM64.ActiveCfg = Release|Any CPU
		{3EBF02D0-7023-49BA-99ED-971DE1B1D6AF}.Release|ARM64.Build.0 = Release|Any CPU
		{3EBF02D0-7023-49BA-99ED-971DE1B1D6AF}.Release|x64.ActiveCfg = Release|Any CPU
		{3EBF02D0-7023-49BA-99ED-971DE1B1D6AF}.Release|x64.Build.0 = Release|Any CPU
		{3EBF02D0-7023-49BA-99ED-971DE1B1D6AF}.Release|x86.ActiveCfg = Release|Any CPU
		{3EBF02D0-7023-49BA-99ED-971DE1B1D6AF}.Release|x86.Build.0 = Release|Any CPU
		{80E40EAF-DBC7-4273-80FE-50B2EE183C17}.Debug|Any CPU.ActiveCfg = Debug|x64
		{80E40EAF-DBC7-4273-80FE-50B2EE183C17}.Debug|Any CPU.Build.0 = Debug|x64
		{80E40EAF-DBC7-4273-80FE-50B2EE183C17}.Debug|ARM.ActiveCfg = Debug|x64
		{80E40EAF-DBC7-4273-80FE-50B2EE183C17}.Debug|ARM.Build.0 = Debug|x64
		{80E40EAF-DBC7-4273-80FE-50B2EE183C17}.Debug|ARM64.ActiveCfg = Debug|x64
		{80E40EAF-DBC7-4273-80FE-50B2EE183C17}.Debug|ARM64.Build.0 = Debug|x64
		{80E40EAF-DBC7-4273-80FE-50B2EE183C17}.Debug|x64.ActiveCfg = Debug|x64
		{80E40EAF-DBC7-4273-80FE-50B2EE183C17}.Debug|x64.Build.0 = Debug|x64
		{80E40EAF-DBC7-4273-80FE-50B2EE183C17}.Debug|x86.ActiveCfg = Debug|Win32
		{80E40EAF-DBC7-4273-80FE-50B2EE183C17}.Debug|x86.Build.0 = Debug|Win32
		{80E40EAF-DBC7-4273-80FE-50B2EE183C17}.Release|Any CPU.ActiveCfg = Release|x64
		{80E40EAF-DBC7-4273-80FE-50B2EE183C17}.Release|Any CPU.Build.0 = Release|x64
		{80E40EAF-DBC7-4273-80FE-50B2EE183C17}.Release|ARM.ActiveCfg = Release|x64
		{80E40EAF-DBC7-4273-80FE-50B2EE183C17}.Release|ARM.Build.0 = Release|x64
		{80E40EAF-DBC7-4273-80FE-50B2EE183C17}.Release|ARM64.ActiveCfg = Release|x64
		{80E40EAF-DBC7-4273-80FE-50B2EE183C17}.Release|ARM64.Build.0 = Release|x64
		{80E40EAF-DBC7-4273-80FE-50B2EE183C17}.Release|x64.ActiveCfg = Release|x64
		{80E40EAF-DBC7-4273-80FE-50B2EE183C17}.Release|x64.Build.0 = Release|x64
		{80E40EAF-DBC7-4273-80FE-50B2EE183C17}.Release|x86.ActiveCfg = Release|Win32
		{80E40EAF-DBC7-4273-80FE-50B2EE183C17}.Release|x86.Build.0 = Release|Win32
		{95A21069-6505-4118-A605-D04A7BD57C12}.Debug|Any CPU.ActiveCfg = Debug|x64
		{95A21069-6505-4118-A605-D04A7BD57C12}.Debug|Any CPU.Build.0 = Debug|x64
		{95A21069-6505-4118-A605-D04A7BD57C12}.Debug|ARM.ActiveCfg = Debug|ARM
		{95A21069-6505-4118-A605-D04A7BD57C12}.Debug|ARM.Build.0 = Debug|ARM
		{95A21069-6505-4118-A605-D04A7BD57C12}.Debug|ARM64.ActiveCfg = Debug|ARM64
		{95A21069-6505-4118-A605-D04A7BD57C12}.Debug|ARM64.Build.0 = Debug|ARM64
		{95A21069-6505-4118-A605-D04A7BD57C12}.Debug|x64.ActiveCfg = Debug|x64
		{95A21069-6505-4118-A605-D04A7BD57C12}.Debug|x64.Build.0 = Debug|x64
		{95A21069-6505-4118-A605-D04A7BD57C12}.Debug|x86.ActiveCfg = Debug|x86
		{95A21069-6505-4118-A605-D04A7BD57C12}.Debug|x86.Build.0 = Debug|x86
		{95A21069-6505-4118-A605-D04A7BD57C12}.Release|Any CPU.ActiveCfg = Release|x64
		{95A21069-6505-4118-A605-D04A7BD57C12}.Release|Any CPU.Build.0 = Release|x64
		{95A21069-6505-4118-A605-D04A7BD57C12}.Release|ARM.ActiveCfg = Release|ARM
		{95A21069-6505-4118-A605-D04A7BD57C12}.Release|ARM.Build.0 = Release|ARM
		{95A21069-6505-4118-A605-D04A7BD57C12}.Release|ARM64.ActiveCfg = Release|ARM64
		{95A21069-6505-4118-A605-D04A7BD57C12}.Release|ARM64.Build.0 = Release|ARM64
		{95A21069-6505-4118-A605-D04A7BD57C12}.Release|x64.ActiveCfg = Release|x64
		{95A21069-6505-4118-A605-D04A7BD57C12}.Release|x64.Build.0 = Release|x64
		{95A21069-6505-4118-A605-D04A7BD57C12}.Release|x86.ActiveCfg = Release|x86
		{95A21069-6505-4118-A605-D04A7BD57C12}.Release|x86.Build.0 = Release|x86
		{ECFC0F5C-9D4A-4BFE-B775-90B9342BC710}.Debug|Any CPU.ActiveCfg = Debug|Any CPU
		{ECFC0F5C-9D4A-4BFE-B775-90B9342BC710}.Debug|Any CPU.Build.0 = Debug|Any CPU
		{ECFC0F5C-9D4A-4BFE-B775-90B9342BC710}.Debug|ARM.ActiveCfg = Debug|Any CPU
		{ECFC0F5C-9D4A-4BFE-B775-90B9342BC710}.Debug|ARM.Build.0 = Debug|Any CPU
		{ECFC0F5C-9D4A-4BFE-B775-90B9342BC710}.Debug|ARM64.ActiveCfg = Debug|Any CPU
		{ECFC0F5C-9D4A-4BFE-B775-90B9342BC710}.Debug|ARM64.Build.0 = Debug|Any CPU
		{ECFC0F5C-9D4A-4BFE-B775-90B9342BC710}.Debug|x64.ActiveCfg = Debug|Any CPU
		{ECFC0F5C-9D4A-4BFE-B775-90B9342BC710}.Debug|x64.Build.0 = Debug|Any CPU
		{ECFC0F5C-9D4A-4BFE-B775-90B9342BC710}.Debug|x86.ActiveCfg = Debug|Any CPU
		{ECFC0F5C-9D4A-4BFE-B775-90B9342BC710}.Debug|x86.Build.0 = Debug|Any CPU
		{ECFC0F5C-9D4A-4BFE-B775-90B9342BC710}.Release|Any CPU.ActiveCfg = Release|Any CPU
		{ECFC0F5C-9D4A-4BFE-B775-90B9342BC710}.Release|Any CPU.Build.0 = Release|Any CPU
		{ECFC0F5C-9D4A-4BFE-B775-90B9342BC710}.Release|ARM.ActiveCfg = Release|Any CPU
		{ECFC0F5C-9D4A-4BFE-B775-90B9342BC710}.Release|ARM.Build.0 = Release|Any CPU
		{ECFC0F5C-9D4A-4BFE-B775-90B9342BC710}.Release|ARM64.ActiveCfg = Release|Any CPU
		{ECFC0F5C-9D4A-4BFE-B775-90B9342BC710}.Release|ARM64.Build.0 = Release|Any CPU
		{ECFC0F5C-9D4A-4BFE-B775-90B9342BC710}.Release|x64.ActiveCfg = Release|Any CPU
		{ECFC0F5C-9D4A-4BFE-B775-90B9342BC710}.Release|x64.Build.0 = Release|Any CPU
		{ECFC0F5C-9D4A-4BFE-B775-90B9342BC710}.Release|x86.ActiveCfg = Release|Any CPU
		{ECFC0F5C-9D4A-4BFE-B775-90B9342BC710}.Release|x86.Build.0 = Release|Any CPU
		{59F9EE6F-FDA6-4BF0-9466-E551CDDC3C2E}.Debug|Any CPU.ActiveCfg = Debug|Any CPU
		{59F9EE6F-FDA6-4BF0-9466-E551CDDC3C2E}.Debug|Any CPU.Build.0 = Debug|Any CPU
		{59F9EE6F-FDA6-4BF0-9466-E551CDDC3C2E}.Debug|Any CPU.Deploy.0 = Debug|Any CPU
		{59F9EE6F-FDA6-4BF0-9466-E551CDDC3C2E}.Debug|ARM.ActiveCfg = Debug|Any CPU
		{59F9EE6F-FDA6-4BF0-9466-E551CDDC3C2E}.Debug|ARM.Build.0 = Debug|Any CPU
		{59F9EE6F-FDA6-4BF0-9466-E551CDDC3C2E}.Debug|ARM.Deploy.0 = Debug|Any CPU
		{59F9EE6F-FDA6-4BF0-9466-E551CDDC3C2E}.Debug|ARM64.ActiveCfg = Debug|Any CPU
		{59F9EE6F-FDA6-4BF0-9466-E551CDDC3C2E}.Debug|ARM64.Build.0 = Debug|Any CPU
		{59F9EE6F-FDA6-4BF0-9466-E551CDDC3C2E}.Debug|ARM64.Deploy.0 = Debug|Any CPU
		{59F9EE6F-FDA6-4BF0-9466-E551CDDC3C2E}.Debug|x64.ActiveCfg = Debug|Any CPU
		{59F9EE6F-FDA6-4BF0-9466-E551CDDC3C2E}.Debug|x64.Build.0 = Debug|Any CPU
		{59F9EE6F-FDA6-4BF0-9466-E551CDDC3C2E}.Debug|x64.Deploy.0 = Debug|Any CPU
		{59F9EE6F-FDA6-4BF0-9466-E551CDDC3C2E}.Debug|x86.ActiveCfg = Debug|Any CPU
		{59F9EE6F-FDA6-4BF0-9466-E551CDDC3C2E}.Debug|x86.Build.0 = Debug|Any CPU
		{59F9EE6F-FDA6-4BF0-9466-E551CDDC3C2E}.Debug|x86.Deploy.0 = Debug|Any CPU
		{59F9EE6F-FDA6-4BF0-9466-E551CDDC3C2E}.Release|Any CPU.ActiveCfg = Release|Any CPU
		{59F9EE6F-FDA6-4BF0-9466-E551CDDC3C2E}.Release|Any CPU.Build.0 = Release|Any CPU
		{59F9EE6F-FDA6-4BF0-9466-E551CDDC3C2E}.Release|Any CPU.Deploy.0 = Release|Any CPU
		{59F9EE6F-FDA6-4BF0-9466-E551CDDC3C2E}.Release|ARM.ActiveCfg = Release|Any CPU
		{59F9EE6F-FDA6-4BF0-9466-E551CDDC3C2E}.Release|ARM.Build.0 = Release|Any CPU
		{59F9EE6F-FDA6-4BF0-9466-E551CDDC3C2E}.Release|ARM.Deploy.0 = Release|Any CPU
		{59F9EE6F-FDA6-4BF0-9466-E551CDDC3C2E}.Release|ARM64.ActiveCfg = Release|Any CPU
		{59F9EE6F-FDA6-4BF0-9466-E551CDDC3C2E}.Release|ARM64.Build.0 = Release|Any CPU
		{59F9EE6F-FDA6-4BF0-9466-E551CDDC3C2E}.Release|ARM64.Deploy.0 = Release|Any CPU
		{59F9EE6F-FDA6-4BF0-9466-E551CDDC3C2E}.Release|x64.ActiveCfg = Release|Any CPU
		{59F9EE6F-FDA6-4BF0-9466-E551CDDC3C2E}.Release|x64.Build.0 = Release|Any CPU
		{59F9EE6F-FDA6-4BF0-9466-E551CDDC3C2E}.Release|x64.Deploy.0 = Release|Any CPU
		{59F9EE6F-FDA6-4BF0-9466-E551CDDC3C2E}.Release|x86.ActiveCfg = Release|Any CPU
		{59F9EE6F-FDA6-4BF0-9466-E551CDDC3C2E}.Release|x86.Build.0 = Release|Any CPU
		{59F9EE6F-FDA6-4BF0-9466-E551CDDC3C2E}.Release|x86.Deploy.0 = Release|Any CPU
		{66A23DDA-63CE-4129-970F-689104FD45C2}.Debug|Any CPU.ActiveCfg = Debug|Any CPU
		{66A23DDA-63CE-4129-970F-689104FD45C2}.Debug|Any CPU.Build.0 = Debug|Any CPU
		{66A23DDA-63CE-4129-970F-689104FD45C2}.Debug|ARM.ActiveCfg = Debug|Any CPU
		{66A23DDA-63CE-4129-970F-689104FD45C2}.Debug|ARM.Build.0 = Debug|Any CPU
		{66A23DDA-63CE-4129-970F-689104FD45C2}.Debug|ARM64.ActiveCfg = Debug|Any CPU
		{66A23DDA-63CE-4129-970F-689104FD45C2}.Debug|ARM64.Build.0 = Debug|Any CPU
		{66A23DDA-63CE-4129-970F-689104FD45C2}.Debug|x64.ActiveCfg = Debug|Any CPU
		{66A23DDA-63CE-4129-970F-689104FD45C2}.Debug|x64.Build.0 = Debug|Any CPU
		{66A23DDA-63CE-4129-970F-689104FD45C2}.Debug|x86.ActiveCfg = Debug|Any CPU
		{66A23DDA-63CE-4129-970F-689104FD45C2}.Debug|x86.Build.0 = Debug|Any CPU
		{66A23DDA-63CE-4129-970F-689104FD45C2}.Release|Any CPU.ActiveCfg = Release|Any CPU
		{66A23DDA-63CE-4129-970F-689104FD45C2}.Release|Any CPU.Build.0 = Release|Any CPU
		{66A23DDA-63CE-4129-970F-689104FD45C2}.Release|ARM.ActiveCfg = Release|Any CPU
		{66A23DDA-63CE-4129-970F-689104FD45C2}.Release|ARM.Build.0 = Release|Any CPU
		{66A23DDA-63CE-4129-970F-689104FD45C2}.Release|ARM64.ActiveCfg = Release|Any CPU
		{66A23DDA-63CE-4129-970F-689104FD45C2}.Release|ARM64.Build.0 = Release|Any CPU
		{66A23DDA-63CE-4129-970F-689104FD45C2}.Release|x64.ActiveCfg = Release|Any CPU
		{66A23DDA-63CE-4129-970F-689104FD45C2}.Release|x64.Build.0 = Release|Any CPU
		{66A23DDA-63CE-4129-970F-689104FD45C2}.Release|x86.ActiveCfg = Release|Any CPU
		{66A23DDA-63CE-4129-970F-689104FD45C2}.Release|x86.Build.0 = Release|Any CPU
		{FD29028D-1992-4C6E-BAA7-74FC33CA859C}.Debug|Any CPU.ActiveCfg = Debug|Any CPU
		{FD29028D-1992-4C6E-BAA7-74FC33CA859C}.Debug|Any CPU.Build.0 = Debug|Any CPU
		{FD29028D-1992-4C6E-BAA7-74FC33CA859C}.Debug|ARM.ActiveCfg = Debug|Any CPU
		{FD29028D-1992-4C6E-BAA7-74FC33CA859C}.Debug|ARM.Build.0 = Debug|Any CPU
		{FD29028D-1992-4C6E-BAA7-74FC33CA859C}.Debug|ARM64.ActiveCfg = Debug|Any CPU
		{FD29028D-1992-4C6E-BAA7-74FC33CA859C}.Debug|ARM64.Build.0 = Debug|Any CPU
		{FD29028D-1992-4C6E-BAA7-74FC33CA859C}.Debug|x64.ActiveCfg = Debug|Any CPU
		{FD29028D-1992-4C6E-BAA7-74FC33CA859C}.Debug|x64.Build.0 = Debug|Any CPU
		{FD29028D-1992-4C6E-BAA7-74FC33CA859C}.Debug|x86.ActiveCfg = Debug|Any CPU
		{FD29028D-1992-4C6E-BAA7-74FC33CA859C}.Debug|x86.Build.0 = Debug|Any CPU
		{FD29028D-1992-4C6E-BAA7-74FC33CA859C}.Release|Any CPU.ActiveCfg = Release|Any CPU
		{FD29028D-1992-4C6E-BAA7-74FC33CA859C}.Release|Any CPU.Build.0 = Release|Any CPU
		{FD29028D-1992-4C6E-BAA7-74FC33CA859C}.Release|ARM.ActiveCfg = Release|Any CPU
		{FD29028D-1992-4C6E-BAA7-74FC33CA859C}.Release|ARM.Build.0 = Release|Any CPU
		{FD29028D-1992-4C6E-BAA7-74FC33CA859C}.Release|ARM64.ActiveCfg = Release|Any CPU
		{FD29028D-1992-4C6E-BAA7-74FC33CA859C}.Release|ARM64.Build.0 = Release|Any CPU
		{FD29028D-1992-4C6E-BAA7-74FC33CA859C}.Release|x64.ActiveCfg = Release|Any CPU
		{FD29028D-1992-4C6E-BAA7-74FC33CA859C}.Release|x64.Build.0 = Release|Any CPU
		{FD29028D-1992-4C6E-BAA7-74FC33CA859C}.Release|x86.ActiveCfg = Release|Any CPU
		{FD29028D-1992-4C6E-BAA7-74FC33CA859C}.Release|x86.Build.0 = Release|Any CPU
		{FF213CBC-2365-4B38-9FD2-7E8C16D01EB3}.Debug|Any CPU.ActiveCfg = Debug|Any CPU
		{FF213CBC-2365-4B38-9FD2-7E8C16D01EB3}.Debug|Any CPU.Build.0 = Debug|Any CPU
		{FF213CBC-2365-4B38-9FD2-7E8C16D01EB3}.Debug|ARM.ActiveCfg = Debug|Any CPU
		{FF213CBC-2365-4B38-9FD2-7E8C16D01EB3}.Debug|ARM.Build.0 = Debug|Any CPU
		{FF213CBC-2365-4B38-9FD2-7E8C16D01EB3}.Debug|ARM64.ActiveCfg = Debug|Any CPU
		{FF213CBC-2365-4B38-9FD2-7E8C16D01EB3}.Debug|ARM64.Build.0 = Debug|Any CPU
		{FF213CBC-2365-4B38-9FD2-7E8C16D01EB3}.Debug|x64.ActiveCfg = Debug|Any CPU
		{FF213CBC-2365-4B38-9FD2-7E8C16D01EB3}.Debug|x64.Build.0 = Debug|Any CPU
		{FF213CBC-2365-4B38-9FD2-7E8C16D01EB3}.Debug|x86.ActiveCfg = Debug|Any CPU
		{FF213CBC-2365-4B38-9FD2-7E8C16D01EB3}.Debug|x86.Build.0 = Debug|Any CPU
		{FF213CBC-2365-4B38-9FD2-7E8C16D01EB3}.Release|Any CPU.ActiveCfg = Release|Any CPU
		{FF213CBC-2365-4B38-9FD2-7E8C16D01EB3}.Release|Any CPU.Build.0 = Release|Any CPU
		{FF213CBC-2365-4B38-9FD2-7E8C16D01EB3}.Release|ARM.ActiveCfg = Release|Any CPU
		{FF213CBC-2365-4B38-9FD2-7E8C16D01EB3}.Release|ARM.Build.0 = Release|Any CPU
		{FF213CBC-2365-4B38-9FD2-7E8C16D01EB3}.Release|ARM64.ActiveCfg = Release|Any CPU
		{FF213CBC-2365-4B38-9FD2-7E8C16D01EB3}.Release|ARM64.Build.0 = Release|Any CPU
		{FF213CBC-2365-4B38-9FD2-7E8C16D01EB3}.Release|x64.ActiveCfg = Release|Any CPU
		{FF213CBC-2365-4B38-9FD2-7E8C16D01EB3}.Release|x64.Build.0 = Release|Any CPU
		{FF213CBC-2365-4B38-9FD2-7E8C16D01EB3}.Release|x86.ActiveCfg = Release|Any CPU
		{FF213CBC-2365-4B38-9FD2-7E8C16D01EB3}.Release|x86.Build.0 = Release|Any CPU
		{FC6170ED-1A06-4E2D-86FB-DA842CC820E9}.Debug|Any CPU.ActiveCfg = Debug|Any CPU
		{FC6170ED-1A06-4E2D-86FB-DA842CC820E9}.Debug|Any CPU.Build.0 = Debug|Any CPU
		{FC6170ED-1A06-4E2D-86FB-DA842CC820E9}.Debug|ARM.ActiveCfg = Debug|Any CPU
		{FC6170ED-1A06-4E2D-86FB-DA842CC820E9}.Debug|ARM.Build.0 = Debug|Any CPU
		{FC6170ED-1A06-4E2D-86FB-DA842CC820E9}.Debug|ARM64.ActiveCfg = Debug|Any CPU
		{FC6170ED-1A06-4E2D-86FB-DA842CC820E9}.Debug|ARM64.Build.0 = Debug|Any CPU
		{FC6170ED-1A06-4E2D-86FB-DA842CC820E9}.Debug|x64.ActiveCfg = Debug|Any CPU
		{FC6170ED-1A06-4E2D-86FB-DA842CC820E9}.Debug|x64.Build.0 = Debug|Any CPU
		{FC6170ED-1A06-4E2D-86FB-DA842CC820E9}.Debug|x86.ActiveCfg = Debug|Any CPU
		{FC6170ED-1A06-4E2D-86FB-DA842CC820E9}.Debug|x86.Build.0 = Debug|Any CPU
		{FC6170ED-1A06-4E2D-86FB-DA842CC820E9}.Release|Any CPU.ActiveCfg = Release|Any CPU
		{FC6170ED-1A06-4E2D-86FB-DA842CC820E9}.Release|Any CPU.Build.0 = Release|Any CPU
		{FC6170ED-1A06-4E2D-86FB-DA842CC820E9}.Release|ARM.ActiveCfg = Release|Any CPU
		{FC6170ED-1A06-4E2D-86FB-DA842CC820E9}.Release|ARM.Build.0 = Release|Any CPU
		{FC6170ED-1A06-4E2D-86FB-DA842CC820E9}.Release|ARM64.ActiveCfg = Release|Any CPU
		{FC6170ED-1A06-4E2D-86FB-DA842CC820E9}.Release|ARM64.Build.0 = Release|Any CPU
		{FC6170ED-1A06-4E2D-86FB-DA842CC820E9}.Release|x64.ActiveCfg = Release|Any CPU
		{FC6170ED-1A06-4E2D-86FB-DA842CC820E9}.Release|x64.Build.0 = Release|Any CPU
		{FC6170ED-1A06-4E2D-86FB-DA842CC820E9}.Release|x86.ActiveCfg = Release|Any CPU
		{FC6170ED-1A06-4E2D-86FB-DA842CC820E9}.Release|x86.Build.0 = Release|Any CPU
		{D67E7062-A8AD-46A0-BEDD-25A059F7813B}.Debug|Any CPU.ActiveCfg = Debug|Any CPU
		{D67E7062-A8AD-46A0-BEDD-25A059F7813B}.Debug|Any CPU.Build.0 = Debug|Any CPU
		{D67E7062-A8AD-46A0-BEDD-25A059F7813B}.Debug|Any CPU.Deploy.0 = Debug|Any CPU
		{D67E7062-A8AD-46A0-BEDD-25A059F7813B}.Debug|ARM.ActiveCfg = Debug|Any CPU
		{D67E7062-A8AD-46A0-BEDD-25A059F7813B}.Debug|ARM.Build.0 = Debug|Any CPU
		{D67E7062-A8AD-46A0-BEDD-25A059F7813B}.Debug|ARM.Deploy.0 = Debug|Any CPU
		{D67E7062-A8AD-46A0-BEDD-25A059F7813B}.Debug|ARM64.ActiveCfg = Debug|Any CPU
		{D67E7062-A8AD-46A0-BEDD-25A059F7813B}.Debug|ARM64.Build.0 = Debug|Any CPU
		{D67E7062-A8AD-46A0-BEDD-25A059F7813B}.Debug|ARM64.Deploy.0 = Debug|Any CPU
		{D67E7062-A8AD-46A0-BEDD-25A059F7813B}.Debug|x64.ActiveCfg = Debug|Any CPU
		{D67E7062-A8AD-46A0-BEDD-25A059F7813B}.Debug|x64.Build.0 = Debug|Any CPU
		{D67E7062-A8AD-46A0-BEDD-25A059F7813B}.Debug|x64.Deploy.0 = Debug|Any CPU
		{D67E7062-A8AD-46A0-BEDD-25A059F7813B}.Debug|x86.ActiveCfg = Debug|Any CPU
		{D67E7062-A8AD-46A0-BEDD-25A059F7813B}.Debug|x86.Build.0 = Debug|Any CPU
		{D67E7062-A8AD-46A0-BEDD-25A059F7813B}.Debug|x86.Deploy.0 = Debug|Any CPU
		{D67E7062-A8AD-46A0-BEDD-25A059F7813B}.Release|Any CPU.ActiveCfg = Release|Any CPU
		{D67E7062-A8AD-46A0-BEDD-25A059F7813B}.Release|Any CPU.Build.0 = Release|Any CPU
		{D67E7062-A8AD-46A0-BEDD-25A059F7813B}.Release|Any CPU.Deploy.0 = Release|Any CPU
		{D67E7062-A8AD-46A0-BEDD-25A059F7813B}.Release|ARM.ActiveCfg = Release|Any CPU
		{D67E7062-A8AD-46A0-BEDD-25A059F7813B}.Release|ARM.Build.0 = Release|Any CPU
		{D67E7062-A8AD-46A0-BEDD-25A059F7813B}.Release|ARM.Deploy.0 = Release|Any CPU
		{D67E7062-A8AD-46A0-BEDD-25A059F7813B}.Release|ARM64.ActiveCfg = Release|Any CPU
		{D67E7062-A8AD-46A0-BEDD-25A059F7813B}.Release|ARM64.Build.0 = Release|Any CPU
		{D67E7062-A8AD-46A0-BEDD-25A059F7813B}.Release|ARM64.Deploy.0 = Release|Any CPU
		{D67E7062-A8AD-46A0-BEDD-25A059F7813B}.Release|x64.ActiveCfg = Release|Any CPU
		{D67E7062-A8AD-46A0-BEDD-25A059F7813B}.Release|x64.Build.0 = Release|Any CPU
		{D67E7062-A8AD-46A0-BEDD-25A059F7813B}.Release|x64.Deploy.0 = Release|Any CPU
		{D67E7062-A8AD-46A0-BEDD-25A059F7813B}.Release|x86.ActiveCfg = Release|Any CPU
		{D67E7062-A8AD-46A0-BEDD-25A059F7813B}.Release|x86.Build.0 = Release|Any CPU
		{D67E7062-A8AD-46A0-BEDD-25A059F7813B}.Release|x86.Deploy.0 = Release|Any CPU
	EndGlobalSection
	GlobalSection(SolutionProperties) = preSolution
		HideSolutionNode = FALSE
	EndGlobalSection
	GlobalSection(ExtensibilityGlobals) = postSolution
		SolutionGuid = {1BACD42E-7C30-4C76-8071-CD8FB516E66E}
	EndGlobalSection
	GlobalSection(SharedMSBuildProjectFiles) = preSolution
		AndroidUI.Native\AndroidUI.Native.vcxitems*{3bb83458-9178-406e-bbce-aa83c3a153af}*SharedItemsImports = 9
		AndroidUI.Native\AndroidUI.Native.vcxitems*{80e40eaf-dbc7-4273-80fe-50b2ee183c17}*SharedItemsImports = 4
		AndroidUI.Native\AndroidUI.Native.vcxitems*{95a21069-6505-4118-a605-d04a7bd57c12}*SharedItemsImports = 4
	EndGlobalSection
EndGlobal
